
Microsoft Visual Studio Solution File, Format Version 12.00
Project("{FAE04EC0-301F-11D3-BF4B-00C04F79EFBC}") = "BudgetTracker.Identity", "BudgetTracker.Identity.csproj", "{99523AC1-8098-4977-9B74-8B907ED5BFDB}"
EndProject
Global
	GlobalSection(SolutionConfigurationPlatforms) = preSolution
		Debug|Any CPU = Debug|Any CPU
		Release|Any CPU = Release|Any CPU
	EndGlobalSection
	GlobalSection(ProjectConfigurationPlatforms) = postSolution
		{99523AC1-8098-4977-9B74-8B907ED5BFDB}.Debug|Any CPU.ActiveCfg = Debug|Any CPU
		{99523AC1-8098-4977-9B74-8B907ED5BFDB}.Debug|Any CPU.Build.0 = Debug|Any CPU
		{99523AC1-8098-4977-9B74-8B907ED5BFDB}.Release|Any CPU.ActiveCfg = Release|Any CPU
		{99523AC1-8098-4977-9B74-8B907ED5BFDB}.Release|Any CPU.Build.0 = Release|Any CPU
	EndGlobalSection
EndGlobal
